
Microsoft Visual Studio Solution File, Format Version 12.00
# Visual Studio Version 17
VisualStudioVersion = 17.14.36518.9 d17.14
MinimumVisualStudioVersion = 10.0.40219.1
Project("{FAE04EC0-301F-11D3-BF4B-00C04F79EFBC}") = "WebAppWithDb", "WebAppWithDb\WebAppWithDb.csproj", "{C96E06E6-AC66-414E-A6D0-4D827B18C6FD}"
EndProject
Global
	GlobalSection(SolutionConfigurationPlatforms) = preSolution
		Debug|Any CPU = Debug|Any CPU
		Release|Any CPU = Release|Any CPU
	EndGlobalSection
	GlobalSection(ProjectConfigurationPlatforms) = postSolution
		{C96E06E6-AC66-414E-A6D0-4D827B18C6FD}.Debug|Any CPU.ActiveCfg = Debug|Any CPU
		{C96E06E6-AC66-414E-A6D0-4D827B18C6FD}.Debug|Any CPU.Build.0 = Debug|Any CPU
		{C96E06E6-AC66-414E-A6D0-4D827B18C6FD}.Release|Any CPU.ActiveCfg = Release|Any CPU
		{C96E06E6-AC66-414E-A6D0-4D827B18C6FD}.Release|Any CPU.Build.0 = Release|Any CPU
	EndGlobalSection
	GlobalSection(SolutionProperties) = preSolution
		HideSolutionNode = FALSE
	EndGlobalSection
	GlobalSection(ExtensibilityGlobals) = postSolution
		SolutionGuid = {A92DB723-351E-4C73-BA81-92E5E595AE01}
	EndGlobalSection
EndGlobal
